
Microsoft Visual Studio Solution File, Format Version 12.00
# Visual Studio 2013
VisualStudioVersion = 12.0.21005.1
MinimumVisualStudioVersion = 10.0.40219.1
Project("{FAE04EC0-301F-11D3-BF4B-00C04F79EFBC}") = "RxDragDrop", "RxHandsOnLab\RxDragDrop\RxDragDrop.csproj", "{6B89D03C-3665-4FEB-BF68-8AF415F15328}"
EndProject
Project("{FAE04EC0-301F-11D3-BF4B-00C04F79EFBC}") = "RxHandsOnLab", "RxHandsOnLab\RxHandsOnLab\RxHandsOnLab.csproj", "{E6C94E2C-0AAE-460B-8112-237099EF54D3}"
EndProject
Project("{F2A71F9B-5D33-465A-A702-920D77279786}") = "Euler", "FSharpSandbox\Euler\Euler.fsproj", "{E64A4504-451E-4D51-946D-5B5969139BA0}"
EndProject
Project("{F2A71F9B-5D33-465A-A702-920D77279786}") = "FSharpSandbox", "FSharpSandbox\FSharpSandbox\FSharpSandbox.fsproj", "{9990699C-1DB7-47BF-ABF2-5AB4E0A81A40}"
EndProject
Project("{FAE04EC0-301F-11D3-BF4B-00C04F79EFBC}") = "TestDriver", "TestDriver\TestDriver.csproj", "{F876C77C-8CBA-4DF9-BD6C-C88CE0B4E580}"
EndProject
Global
	GlobalSection(SolutionConfigurationPlatforms) = preSolution
		Debug|Any CPU = Debug|Any CPU
		Release|Any CPU = Release|Any CPU
	EndGlobalSection
	GlobalSection(ProjectConfigurationPlatforms) = postSolution
		{6B89D03C-3665-4FEB-BF68-8AF415F15328}.Debug|Any CPU.ActiveCfg = Debug|Any CPU
		{6B89D03C-3665-4FEB-BF68-8AF415F15328}.Debug|Any CPU.Build.0 = Debug|Any CPU
		{6B89D03C-3665-4FEB-BF68-8AF415F15328}.Release|Any CPU.ActiveCfg = Release|Any CPU
		{6B89D03C-3665-4FEB-BF68-8AF415F15328}.Release|Any CPU.Build.0 = Release|Any CPU
		{E6C94E2C-0AAE-460B-8112-237099EF54D3}.Debug|Any CPU.ActiveCfg = Debug|Any CPU
		{E6C94E2C-0AAE-460B-8112-237099EF54D3}.Debug|Any CPU.Build.0 = Debug|Any CPU
		{E6C94E2C-0AAE-460B-8112-237099EF54D3}.Release|Any CPU.ActiveCfg = Release|Any CPU
		{E6C94E2C-0AAE-460B-8112-237099EF54D3}.Release|Any CPU.Build.0 = Release|Any CPU
		{E64A4504-451E-4D51-946D-5B5969139BA0}.Debug|Any CPU.ActiveCfg = Debug|Any CPU
		{E64A4504-451E-4D51-946D-5B5969139BA0}.Debug|Any CPU.Build.0 = Debug|Any CPU
		{E64A4504-451E-4D51-946D-5B5969139BA0}.Release|Any CPU.ActiveCfg = Release|Any CPU
		{E64A4504-451E-4D51-946D-5B5969139BA0}.Release|Any CPU.Build.0 = Release|Any CPU
		{9990699C-1DB7-47BF-ABF2-5AB4E0A81A40}.Debug|Any CPU.ActiveCfg = Debug|Any CPU
		{9990699C-1DB7-47BF-ABF2-5AB4E0A81A40}.Debug|Any CPU.Build.0 = Debug|Any CPU
		{9990699C-1DB7-47BF-ABF2-5AB4E0A81A40}.Release|Any CPU.ActiveCfg = Release|Any CPU
		{9990699C-1DB7-47BF-ABF2-5AB4E0A81A40}.Release|Any CPU.Build.0 = Release|Any CPU
		{F876C77C-8CBA-4DF9-BD6C-C88CE0B4E580}.Debug|Any CPU.ActiveCfg = Debug|Any CPU
		{F876C77C-8CBA-4DF9-BD6C-C88CE0B4E580}.Debug|Any CPU.Build.0 = Debug|Any CPU
		{F876C77C-8CBA-4DF9-BD6C-C88CE0B4E580}.Release|Any CPU.ActiveCfg = Release|Any CPU
		{F876C77C-8CBA-4DF9-BD6C-C88CE0B4E580}.Release|Any CPU.Build.0 = Release|Any CPU
	EndGlobalSection
	GlobalSection(SolutionProperties) = preSolution
		HideSolutionNode = FALSE
	EndGlobalSection
EndGlobal
